
Microsoft Visual Studio Solution File, Format Version 12.00
# Visual Studio Version 17
VisualStudioVersion = 17.9.34728.123
MinimumVisualStudioVersion = 10.0.40219.1
Project("{9A19103F-16F7-4668-BE54-9A1E7A4F7556}") = "Credentia-Winforms", "Credentia-Winforms\Credentia-Winforms.csproj", "{AA8A53D0-2E99-4A29-B1CB-14543BA184E2}"
EndProject
Project("{FAE04EC0-301F-11D3-BF4B-00C04F79EFBC}") = "DataAccessLibrary", "DataAccessLibrary\DataAccessLibrary.csproj", "{6A79B2A7-A0DB-499E-91C1-781B6D2F9F81}"
EndProject
Global
	GlobalSection(SolutionConfigurationPlatforms) = preSolution
		Debug|Any CPU = Debug|Any CPU
		Release|Any CPU = Release|Any CPU
	EndGlobalSection
	GlobalSection(ProjectConfigurationPlatforms) = postSolution
		{AA8A53D0-2E99-4A29-B1CB-14543BA184E2}.Debug|Any CPU.ActiveCfg = Debug|Any CPU
		{AA8A53D0-2E99-4A29-B1CB-14543BA184E2}.Debug|Any CPU.Build.0 = Debug|Any CPU
		{AA8A53D0-2E99-4A29-B1CB-14543BA184E2}.Release|Any CPU.ActiveCfg = Release|Any CPU
		{AA8A53D0-2E99-4A29-B1CB-14543BA184E2}.Release|Any CPU.Build.0 = Release|Any CPU
		{6A79B2A7-A0DB-499E-91C1-781B6D2F9F81}.Debug|Any CPU.ActiveCfg = Debug|Any CPU
		{6A79B2A7-A0DB-499E-91C1-781B6D2F9F81}.Debug|Any CPU.Build.0 = Debug|Any CPU
		{6A79B2A7-A0DB-499E-91C1-781B6D2F9F81}.Release|Any CPU.ActiveCfg = Release|Any CPU
		{6A79B2A7-A0DB-499E-91C1-781B6D2F9F81}.Release|Any CPU.Build.0 = Release|Any CPU
	EndGlobalSection
	GlobalSection(SolutionProperties) = preSolution
		HideSolutionNode = FALSE
	EndGlobalSection
	GlobalSection(ExtensibilityGlobals) = postSolution
		SolutionGuid = {7BD42714-C4F8-4773-AFDE-269DE61677FB}
	EndGlobalSection
EndGlobal
